github.com/EdlinOrg/prominentcolor v1.0.0 h1:sQNY8Dtsv3PK3J1LbmrDmtlZm9Y9U8Loi1iZIl4YN3Y=
github.com/EdlinOrg/prominentcolor v1.0.0/go.mod h1:mYmDsxfcmBz6izH/SqtSzfsUiZdPNPpPgUPKCZq70KQ=
github.com/daddye/vips v0.0.0-20170307215529-87cfaf94f7a1 h1:RaRfmG1LWGpNsbNSFmcWHtsaAbKcjRvOSCTkDFS5RH8=
github.com/daddye/vips v0.0.0-20170307215529-87cfaf94f7a1/go.mod h1:UqnfPmY4HfvqOBrGdfGTe7Wog8HFMgaz7laavXMVSss=
github.com/discordapp/lilliput v0.0.0-20191108020106-a97272cc1cc2 h1:SLsQNz71LInsRV29nwBs/Rp9yjIUEJjii/o7dRBglJw=
github.com/discordapp/lilliput v0.0.0-20191108020106-a97272cc1cc2/go.mod h1:Y/qDoFO8ipcjzUjR+FB3NrX2oJcp6EXQBLuW0nws2IY=
github.com/disintegration/imaging v1.6.1 h1:JnBbK6ECIZb1NsWIikP9pd8gIlTIRx7fuDNpU9fsxOE=
github.com/disintegration/imaging v1.6.1/go.mod h1:xuIt+sRxDFrHS0drzXUlCJthkJ8k7lkkUojDSR247MQ=
github.com/disintegration/imaging v1.6.2 h1:w1LecBlG2Lnp8B3jk5zSuNqd7b4DXhcjwek1ei82L+c=
github.com/disintegration/imaging v1.6.2/go.mod h1:44/5580QXChDfwIclfc/PCwrr44amcmDAg8hxG0Ewe4=
github.com/generaltso/sadbox v0.0.0-20120828195626-27893f92b8ce h1:aiY8iptoY2drNy2PUYIZStURgj2JKteIYU8h7V7rEgg=
github.com/generaltso/sadbox v0.0.0-20120828195626-27893f92b8ce/go.mod h1:DupcZL2+pG9TQlH5Jk6pgIfybu1aBVyCwoDm3vYnuds=
github.com/generaltso/vibrant v0.0.0-20171030211322-563623b97aee h1:zLQzRt4NSE3D/9dOaydfrl54lCJafy0GvM0DGI/MdaE=
github.com/generaltso/vibrant v0.0.0-20171030211322-563623b97aee/go.mod h1:QmLK0QXa+OA/VI1WiQNTCuqWgzF16WxDcKqQ6MIPr6Q=
github.com/h2non/imaginary v1.1.1 h1:gZWTtvMOV1dLbXRH+RnMrQRALaZfOjZVC6DiGB3PfaE=
github.com/h2non/imaginary v1.1.1/go.mod h1:G7HF+i0hFnDO/6eDc8sJRJgoqfs/Dloghqle42ZegdE=
github.com/hashicorp/golang-lru v0.5.3 h1:YPkqC67at8FYaadspW/6uE0COsBxS2656RLEr8Bppgk=
github.com/hashicorp/golang-lru v0.5.3/go.mod h1:iADmTwqILo4mZ8BN3D2Q6+9jd8WM5uGBxy+E8yxSoD4=
github.com/lelenanam/downsize v0.0.0-20191103020121-7e3a65437183 h1:AaB6zpmSiPReoWMp2M3FCI2k5b1SgcMgfAKGJBHoWWM=
github.com/lelenanam/downsize v0.0.0-20191103020121-7e3a65437183/go.mod h1:H52glRIU23/VgPETT6Ssrfon1rgCB5vOMlWYbjsC2SA=
github.com/lucasb-eyer/go-colorful v1.0.3 h1:QIbQXiugsb+q10B+MI+7DI1oQLdmnep86tWFlaaUAac=
github.com/lucasb-eyer/go-colorful v1.0.3/go.mod h1:R4dSotOR9KMtayYi1e77YzuveK+i7ruzyGqttikkLy0=
github.com/nfnt/resize v0.0.0-20180221191011-83c6a9932646 h1:zYyBkD/k9seD2A7fsi6Oo2LfFZAehjjQMERAvZLEDnQ=
github.com/nfnt/resize v0.0.0-20180221191011-83c6a9932646/go.mod h1:jpp1/29i3P1S/RLdc7JQKbRpFeM1dOBd8T9ki5s+AY8=
github.com/oliamb/cutter v0.2.2 h1:Lfwkya0HHNU1YLnGv2hTkzHfasrSMkgv4Dn+5rmlk3k=
github.com/oliamb/cutter v0.2.2/go.mod h1:4BenG2/4GuRBDbVm/OPahDVqbrOemzpPiG5mi1iryBU=
github.com/quirkey/magick v0.0.0-20140324185457-b37664054620 h1:MsLx6A07NznUwoq9UiPo66XjJ4TakXoNmQzrlCm5+OQ=
github.com/quirkey/magick v0.0.0-20140324185457-b37664054620/go.mod h1:AYql4DT3SqVH9ON+isFTHD9meJEbdXHb/ZcpQbVRhkQ=
github.com/rs/cors v1.7.0 h1:+88SsELBHx5r+hZ8TCkggzSstaWNbDvThkVK8H6f9ik=
github.com/rs/cors v1.7.0/go.mod h1:gFx+x8UowdsKA9AchylcLynDq+nNFfI8FkUZdN/jGCU=
golang.org/x/image v0.0.0-20180708004352-c73c2afc3b81 h1:00VmoueYNlNz/aHIilyyQz/MHSqGoWJzpFv/HW8xpzI=
golang.org/x/image v0.0.0-20180708004352-c73c2afc3b81/go.mod h1:ux5Hcp/YLpHSI86hEcLt0YII63i6oz57MZXIpbrjZUs=
golang.org/x/image v0.0.0-20191009234506-e7c1f5e7dbb8 h1:hVwzHzIUGRjiF7EcUjqNxk3NCfkPxbDKRdnNE1Rpg0U=
golang.org/x/image v0.0.0-20191009234506-e7c1f5e7dbb8/go.mod h1:FeLwcggjj3mMvU+oOTbSwawSJRM1uh48EjtB4UJZlP0=
golang.org/x/text v0.3.0/go.mod h1:NqM8EUOU14njkJ3fqMW+pc6Ldnwhi/IjpwHt7yyuwOQ=
gopkg.in/h2non/bimg.v1 v1.0.19 h1:Li7mgBrIvCHvShB4nyCcGJ2Z2rWR/95kgI/U2+U2eYw=
gopkg.in/h2non/bimg.v1 v1.0.19/go.mod h1:PgsZL7dLwUbsGm1NYps320GxGgvQNTnecMCZqxV11So=
gopkg.in/h2non/filetype.v0 v0.1.0 h1:dHAr5+j6pXvVGAUzPEcakSwUk4iN6wYK3ayaczI9/a0=
gopkg.in/h2non/filetype.v0 v0.1.0/go.mod h1:x+TuV875+zjvYsL9AQ4XywX3gJhuFVfzIGWtOk7OBS4=
gopkg.in/h2non/filetype.v1 v1.0.5 h1:CC1jjJjoEhNVbMhXYalmGBhOBK2V70Q1N850wt/98/Y=
gopkg.in/h2non/filetype.v1 v1.0.5/go.mod h1:M0yem4rwSX5lLVrkEuRRp2/NinFMD5vgJ4DlAhZcfNo=
gopkg.in/throttled/throttled.v2 v2.2.4 h1:cKyW79+gIvnVB+aKL9hJ3TSnfDkiFv6/vqC+aLcVdgk=
gopkg.in/throttled/throttled.v2 v2.2.4/go.mod h1:L4cTNZO77XKEXtn8HNFRCMNGZPtRRKAhyuJBSvK/T90=
